
Microsoft Visual Studio Solution File, Format Version 12.00
# Visual Studio 15
VisualStudioVersion = 15.0.27703.2035
MinimumVisualStudioVersion = 10.0.40219.1
Project("{FAE04EC0-301F-11D3-BF4B-00C04F79EFBC}") = "Enigma.Data", "Data\Enigma.Data.csproj", "{4166BDF2-492C-4E75-92B3-C652E454D6A8}"
EndProject
Project("{FAE04EC0-301F-11D3-BF4B-00C04F79EFBC}") = "Enigma.Entity", "Entity\Enigma.Entity.csproj", "{5922B156-8590-4749-B64A-13F3CF82013E}"
EndProject
Project("{FAE04EC0-301F-11D3-BF4B-00C04F79EFBC}") = "Enigma.Shell", "Shell\Enigma.Shell.csproj", "{162E800D-36C9-454E-9510-9F0AB15267CC}"
EndProject
Project("{FAE04EC0-301F-11D3-BF4B-00C04F79EFBC}") = "Enigma.UnitTest", "UnitTest\Enigma.UnitTest.csproj", "{E9C37F4B-2C44-48AC-82FF-37E62D762F4D}"
EndProject
Project("{FAE04EC0-301F-11D3-BF4B-00C04F79EFBC}") = "Enigma.Translate", "Enigma.Translate\Enigma.Translate.csproj", "{A3ACD8D1-CD02-42D4-8414-508F0CF7A56B}"
EndProject
Global
	GlobalSection(SolutionConfigurationPlatforms) = preSolution
		Debug|Any CPU = Debug|Any CPU
		Release|Any CPU = Release|Any CPU
	EndGlobalSection
	GlobalSection(ProjectConfigurationPlatforms) = postSolution
		{4166BDF2-492C-4E75-92B3-C652E454D6A8}.Debug|Any CPU.ActiveCfg = Debug|Any CPU
		{4166BDF2-492C-4E75-92B3-C652E454D6A8}.Debug|Any CPU.Build.0 = Debug|Any CPU
		{4166BDF2-492C-4E75-92B3-C652E454D6A8}.Release|Any CPU.ActiveCfg = Release|Any CPU
		{4166BDF2-492C-4E75-92B3-C652E454D6A8}.Release|Any CPU.Build.0 = Release|Any CPU
		{5922B156-8590-4749-B64A-13F3CF82013E}.Debug|Any CPU.ActiveCfg = Debug|Any CPU
		{5922B156-8590-4749-B64A-13F3CF82013E}.Debug|Any CPU.Build.0 = Debug|Any CPU
		{5922B156-8590-4749-B64A-13F3CF82013E}.Release|Any CPU.ActiveCfg = Release|Any CPU
		{5922B156-8590-4749-B64A-13F3CF82013E}.Release|Any CPU.Build.0 = Release|Any CPU
		{162E800D-36C9-454E-9510-9F0AB15267CC}.Debug|Any CPU.ActiveCfg = Debug|Any CPU
		{162E800D-36C9-454E-9510-9F0AB15267CC}.Debug|Any CPU.Build.0 = Debug|Any CPU
		{162E800D-36C9-454E-9510-9F0AB15267CC}.Release|Any CPU.ActiveCfg = Release|Any CPU
		{162E800D-36C9-454E-9510-9F0AB15267CC}.Release|Any CPU.Build.0 = Release|Any CPU
		{E9C37F4B-2C44-48AC-82FF-37E62D762F4D}.Debug|Any CPU.ActiveCfg = Debug|Any CPU
		{E9C37F4B-2C44-48AC-82FF-37E62D762F4D}.Debug|Any CPU.Build.0 = Debug|Any CPU
		{E9C37F4B-2C44-48AC-82FF-37E62D762F4D}.Release|Any CPU.ActiveCfg = Release|Any CPU
		{E9C37F4B-2C44-48AC-82FF-37E62D762F4D}.Release|Any CPU.Build.0 = Release|Any CPU
		{A3ACD8D1-CD02-42D4-8414-508F0CF7A56B}.Debug|Any CPU.ActiveCfg = Debug|Any CPU
		{A3ACD8D1-CD02-42D4-8414-508F0CF7A56B}.Debug|Any CPU.Build.0 = Debug|Any CPU
		{A3ACD8D1-CD02-42D4-8414-508F0CF7A56B}.Release|Any CPU.ActiveCfg = Release|Any CPU
		{A3ACD8D1-CD02-42D4-8414-508F0CF7A56B}.Release|Any CPU.Build.0 = Release|Any CPU
	EndGlobalSection
	GlobalSection(SolutionProperties) = preSolution
		HideSolutionNode = FALSE
	EndGlobalSection
	GlobalSection(ExtensibilityGlobals) = postSolution
		SolutionGuid = {A75EE494-1FDB-4FFA-B392-3CC4022995F4}
	EndGlobalSection
EndGlobal
